
Microsoft Visual Studio Solution File, Format Version 12.00
Project("{FAE04EC0-301F-11D3-BF4B-00C04F79EFBC}") = "gru.13", "gru.13.csproj", "{1FF83851-87F2-48F0-B459-7C95FB966014}"
EndProject
Global
	GlobalSection(SolutionConfigurationPlatforms) = preSolution
		Debug|Any CPU = Debug|Any CPU
		Release|Any CPU = Release|Any CPU
	EndGlobalSection
	GlobalSection(ProjectConfigurationPlatforms) = postSolution
		{1FF83851-87F2-48F0-B459-7C95FB966014}.Debug|Any CPU.ActiveCfg = Debug|Any CPU
		{1FF83851-87F2-48F0-B459-7C95FB966014}.Debug|Any CPU.Build.0 = Debug|Any CPU
		{1FF83851-87F2-48F0-B459-7C95FB966014}.Release|Any CPU.ActiveCfg = Release|Any CPU
		{1FF83851-87F2-48F0-B459-7C95FB966014}.Release|Any CPU.Build.0 = Release|Any CPU
	EndGlobalSection
EndGlobal
