
Microsoft Visual Studio Solution File, Format Version 12.00
# Visual Studio Version 17
VisualStudioVersion = 17.5.002.0
MinimumVisualStudioVersion = 10.0.40219.1
Project("{9A19103F-16F7-4668-BE54-9A1E7A4F7556}") = "marc.12", "marc.12.csproj", "{B37538CC-CD90-4BAC-8280-B04CC20EC02B}"
EndProject
Global
	GlobalSection(SolutionConfigurationPlatforms) = preSolution
		Debug|Any CPU = Debug|Any CPU
		Release|Any CPU = Release|Any CPU
	EndGlobalSection
	GlobalSection(ProjectConfigurationPlatforms) = postSolution
		{B37538CC-CD90-4BAC-8280-B04CC20EC02B}.Debug|Any CPU.ActiveCfg = Debug|Any CPU
		{B37538CC-CD90-4BAC-8280-B04CC20EC02B}.Debug|Any CPU.Build.0 = Debug|Any CPU
		{B37538CC-CD90-4BAC-8280-B04CC20EC02B}.Release|Any CPU.ActiveCfg = Release|Any CPU
		{B37538CC-CD90-4BAC-8280-B04CC20EC02B}.Release|Any CPU.Build.0 = Release|Any CPU
	EndGlobalSection
	GlobalSection(SolutionProperties) = preSolution
		HideSolutionNode = FALSE
	EndGlobalSection
	GlobalSection(ExtensibilityGlobals) = postSolution
		SolutionGuid = {3FBDE64E-465F-446E-ADA6-79A8DFE5D1DD}
	EndGlobalSection
EndGlobal
