
Microsoft Visual Studio Solution File, Format Version 12.00
# Visual Studio Version 17
VisualStudioVersion = 17.5.002.0
MinimumVisualStudioVersion = 10.0.40219.1
Project("{9A19103F-16F7-4668-BE54-9A1E7A4F7556}") = "car", "car.csproj", "{6D8AAE1E-6DF9-4EBA-AF4B-65DF7CC2AA44}"
EndProject
Global
	GlobalSection(SolutionConfigurationPlatforms) = preSolution
		Debug|Any CPU = Debug|Any CPU
		Release|Any CPU = Release|Any CPU
	EndGlobalSection
	GlobalSection(ProjectConfigurationPlatforms) = postSolution
		{6D8AAE1E-6DF9-4EBA-AF4B-65DF7CC2AA44}.Debug|Any CPU.ActiveCfg = Debug|Any CPU
		{6D8AAE1E-6DF9-4EBA-AF4B-65DF7CC2AA44}.Debug|Any CPU.Build.0 = Debug|Any CPU
		{6D8AAE1E-6DF9-4EBA-AF4B-65DF7CC2AA44}.Release|Any CPU.ActiveCfg = Release|Any CPU
		{6D8AAE1E-6DF9-4EBA-AF4B-65DF7CC2AA44}.Release|Any CPU.Build.0 = Release|Any CPU
	EndGlobalSection
	GlobalSection(SolutionProperties) = preSolution
		HideSolutionNode = FALSE
	EndGlobalSection
	GlobalSection(ExtensibilityGlobals) = postSolution
		SolutionGuid = {C0E9DCD3-E198-4DAE-B5CE-F2B6605085FE}
	EndGlobalSection
EndGlobal
