
Microsoft Visual Studio Solution File, Format Version 12.00
Project("{FAE04EC0-301F-11D3-BF4B-00C04F79EFBC}") = "gru.05", "gru.05.csproj", "{CC974F14-5D4A-4AEC-9A63-93B79B4C4792}"
EndProject
Global
	GlobalSection(SolutionConfigurationPlatforms) = preSolution
		Debug|Any CPU = Debug|Any CPU
		Release|Any CPU = Release|Any CPU
	EndGlobalSection
	GlobalSection(ProjectConfigurationPlatforms) = postSolution
		{CC974F14-5D4A-4AEC-9A63-93B79B4C4792}.Debug|Any CPU.ActiveCfg = Debug|Any CPU
		{CC974F14-5D4A-4AEC-9A63-93B79B4C4792}.Debug|Any CPU.Build.0 = Debug|Any CPU
		{CC974F14-5D4A-4AEC-9A63-93B79B4C4792}.Release|Any CPU.ActiveCfg = Release|Any CPU
		{CC974F14-5D4A-4AEC-9A63-93B79B4C4792}.Release|Any CPU.Build.0 = Release|Any CPU
	EndGlobalSection
EndGlobal
