
Microsoft Visual Studio Solution File, Format Version 12.00
Project("{FAE04EC0-301F-11D3-BF4B-00C04F79EFBC}") = "paz.31", "paz.31.csproj", "{69D2BD0F-9D83-4AA5-8320-F80D1D4AE7DE}"
EndProject
Global
	GlobalSection(SolutionConfigurationPlatforms) = preSolution
		Debug|Any CPU = Debug|Any CPU
		Release|Any CPU = Release|Any CPU
	EndGlobalSection
	GlobalSection(ProjectConfigurationPlatforms) = postSolution
		{69D2BD0F-9D83-4AA5-8320-F80D1D4AE7DE}.Debug|Any CPU.ActiveCfg = Debug|Any CPU
		{69D2BD0F-9D83-4AA5-8320-F80D1D4AE7DE}.Debug|Any CPU.Build.0 = Debug|Any CPU
		{69D2BD0F-9D83-4AA5-8320-F80D1D4AE7DE}.Release|Any CPU.ActiveCfg = Release|Any CPU
		{69D2BD0F-9D83-4AA5-8320-F80D1D4AE7DE}.Release|Any CPU.Build.0 = Release|Any CPU
	EndGlobalSection
EndGlobal
