
Microsoft Visual Studio Solution File, Format Version 12.00
# Visual Studio Version 17
VisualStudioVersion = 17.11.35222.181
MinimumVisualStudioVersion = 10.0.40219.1
Project("{FAE04EC0-301F-11D3-BF4B-00C04F79EFBC}") = "2024.09.11", "2024.09.11.csproj", "{FCF0B9E8-A809-4172-BEBB-5481EA2195CD}"
EndProject
Global
	GlobalSection(SolutionConfigurationPlatforms) = preSolution
		Debug|Any CPU = Debug|Any CPU
		Release|Any CPU = Release|Any CPU
	EndGlobalSection
	GlobalSection(ProjectConfigurationPlatforms) = postSolution
		{FCF0B9E8-A809-4172-BEBB-5481EA2195CD}.Debug|Any CPU.ActiveCfg = Debug|Any CPU
		{FCF0B9E8-A809-4172-BEBB-5481EA2195CD}.Debug|Any CPU.Build.0 = Debug|Any CPU
		{FCF0B9E8-A809-4172-BEBB-5481EA2195CD}.Release|Any CPU.ActiveCfg = Release|Any CPU
		{FCF0B9E8-A809-4172-BEBB-5481EA2195CD}.Release|Any CPU.Build.0 = Release|Any CPU
	EndGlobalSection
	GlobalSection(SolutionProperties) = preSolution
		HideSolutionNode = FALSE
	EndGlobalSection
	GlobalSection(ExtensibilityGlobals) = postSolution
		SolutionGuid = {0DA48421-E800-42C4-8D0D-5C49EB49015F}
	EndGlobalSection
EndGlobal
