
Microsoft Visual Studio Solution File, Format Version 12.00
Project("{FAE04EC0-301F-11D3-BF4B-00C04F79EFBC}") = "spr1", "spr1.csproj", "{AE96CF46-31DE-4FD7-B06C-E4E7F6C0ECA8}"
EndProject
Global
	GlobalSection(SolutionConfigurationPlatforms) = preSolution
		Debug|Any CPU = Debug|Any CPU
		Release|Any CPU = Release|Any CPU
	EndGlobalSection
	GlobalSection(ProjectConfigurationPlatforms) = postSolution
		{AE96CF46-31DE-4FD7-B06C-E4E7F6C0ECA8}.Debug|Any CPU.ActiveCfg = Debug|Any CPU
		{AE96CF46-31DE-4FD7-B06C-E4E7F6C0ECA8}.Debug|Any CPU.Build.0 = Debug|Any CPU
		{AE96CF46-31DE-4FD7-B06C-E4E7F6C0ECA8}.Release|Any CPU.ActiveCfg = Release|Any CPU
		{AE96CF46-31DE-4FD7-B06C-E4E7F6C0ECA8}.Release|Any CPU.Build.0 = Release|Any CPU
	EndGlobalSection
EndGlobal
