
Microsoft Visual Studio Solution File, Format Version 12.00
# Visual Studio Version 17
VisualStudioVersion = 17.5.002.0
MinimumVisualStudioVersion = 10.0.40219.1
Project("{9A19103F-16F7-4668-BE54-9A1E7A4F7556}") = "przeddiagnoza", "przeddiagnoza.csproj", "{E0C0190F-1C7B-4FC3-BD14-D4B3DC90CA47}"
EndProject
Global
	GlobalSection(SolutionConfigurationPlatforms) = preSolution
		Debug|Any CPU = Debug|Any CPU
		Release|Any CPU = Release|Any CPU
	EndGlobalSection
	GlobalSection(ProjectConfigurationPlatforms) = postSolution
		{E0C0190F-1C7B-4FC3-BD14-D4B3DC90CA47}.Debug|Any CPU.ActiveCfg = Debug|Any CPU
		{E0C0190F-1C7B-4FC3-BD14-D4B3DC90CA47}.Debug|Any CPU.Build.0 = Debug|Any CPU
		{E0C0190F-1C7B-4FC3-BD14-D4B3DC90CA47}.Release|Any CPU.ActiveCfg = Release|Any CPU
		{E0C0190F-1C7B-4FC3-BD14-D4B3DC90CA47}.Release|Any CPU.Build.0 = Release|Any CPU
	EndGlobalSection
	GlobalSection(SolutionProperties) = preSolution
		HideSolutionNode = FALSE
	EndGlobalSection
	GlobalSection(ExtensibilityGlobals) = postSolution
		SolutionGuid = {B4A56F85-FECA-4167-82E8-E0D0666BEE47}
	EndGlobalSection
EndGlobal
