
Microsoft Visual Studio Solution File, Format Version 12.00
# Visual Studio Version 17
VisualStudioVersion = 17.5.002.0
MinimumVisualStudioVersion = 10.0.40219.1
Project("{9A19103F-16F7-4668-BE54-9A1E7A4F7556}") = "marc.13.2", "marc.13.2.csproj", "{B33F92C9-7CAC-4070-B303-338950F19FDC}"
EndProject
Global
	GlobalSection(SolutionConfigurationPlatforms) = preSolution
		Debug|Any CPU = Debug|Any CPU
		Release|Any CPU = Release|Any CPU
	EndGlobalSection
	GlobalSection(ProjectConfigurationPlatforms) = postSolution
		{B33F92C9-7CAC-4070-B303-338950F19FDC}.Debug|Any CPU.ActiveCfg = Debug|Any CPU
		{B33F92C9-7CAC-4070-B303-338950F19FDC}.Debug|Any CPU.Build.0 = Debug|Any CPU
		{B33F92C9-7CAC-4070-B303-338950F19FDC}.Release|Any CPU.ActiveCfg = Release|Any CPU
		{B33F92C9-7CAC-4070-B303-338950F19FDC}.Release|Any CPU.Build.0 = Release|Any CPU
	EndGlobalSection
	GlobalSection(SolutionProperties) = preSolution
		HideSolutionNode = FALSE
	EndGlobalSection
	GlobalSection(ExtensibilityGlobals) = postSolution
		SolutionGuid = {54750D59-A625-4394-AD94-D7EE1F03E321}
	EndGlobalSection
EndGlobal
