
Microsoft Visual Studio Solution File, Format Version 12.00
Project("{FAE04EC0-301F-11D3-BF4B-00C04F79EFBC}") = "lis.07", "lis.07.csproj", "{BF629E92-AB0E-4613-AA89-029ACCFC0840}"
EndProject
Global
	GlobalSection(SolutionConfigurationPlatforms) = preSolution
		Debug|Any CPU = Debug|Any CPU
		Release|Any CPU = Release|Any CPU
	EndGlobalSection
	GlobalSection(ProjectConfigurationPlatforms) = postSolution
		{BF629E92-AB0E-4613-AA89-029ACCFC0840}.Debug|Any CPU.ActiveCfg = Debug|Any CPU
		{BF629E92-AB0E-4613-AA89-029ACCFC0840}.Debug|Any CPU.Build.0 = Debug|Any CPU
		{BF629E92-AB0E-4613-AA89-029ACCFC0840}.Release|Any CPU.ActiveCfg = Release|Any CPU
		{BF629E92-AB0E-4613-AA89-029ACCFC0840}.Release|Any CPU.Build.0 = Release|Any CPU
	EndGlobalSection
EndGlobal
