
Microsoft Visual Studio Solution File, Format Version 12.00
# Visual Studio Version 17
VisualStudioVersion = 17.11.35222.181
MinimumVisualStudioVersion = 10.0.40219.1
Project("{FAE04EC0-301F-11D3-BF4B-00C04F79EFBC}") = "2024.09.18", "2024.09.18.csproj", "{0C17FB35-C08A-4C42-BD92-762EBABC84AA}"
EndProject
Global
	GlobalSection(SolutionConfigurationPlatforms) = preSolution
		Debug|Any CPU = Debug|Any CPU
		Release|Any CPU = Release|Any CPU
	EndGlobalSection
	GlobalSection(ProjectConfigurationPlatforms) = postSolution
		{0C17FB35-C08A-4C42-BD92-762EBABC84AA}.Debug|Any CPU.ActiveCfg = Debug|Any CPU
		{0C17FB35-C08A-4C42-BD92-762EBABC84AA}.Debug|Any CPU.Build.0 = Debug|Any CPU
		{0C17FB35-C08A-4C42-BD92-762EBABC84AA}.Release|Any CPU.ActiveCfg = Release|Any CPU
		{0C17FB35-C08A-4C42-BD92-762EBABC84AA}.Release|Any CPU.Build.0 = Release|Any CPU
	EndGlobalSection
	GlobalSection(SolutionProperties) = preSolution
		HideSolutionNode = FALSE
	EndGlobalSection
	GlobalSection(ExtensibilityGlobals) = postSolution
		SolutionGuid = {5F0D15B3-9381-41F7-B3BE-1CB91F6D785C}
	EndGlobalSection
EndGlobal
