
Microsoft Visual Studio Solution File, Format Version 12.00
# Visual Studio Version 17
VisualStudioVersion = 17.11.35222.181
MinimumVisualStudioVersion = 10.0.40219.1
Project("{FAE04EC0-301F-11D3-BF4B-00C04F79EFBC}") = "zadania", "zadania.csproj", "{E3310C9A-6AE5-49D3-8FE9-3613FF3DD6AF}"
EndProject
Global
	GlobalSection(SolutionConfigurationPlatforms) = preSolution
		Debug|Any CPU = Debug|Any CPU
		Release|Any CPU = Release|Any CPU
	EndGlobalSection
	GlobalSection(ProjectConfigurationPlatforms) = postSolution
		{E3310C9A-6AE5-49D3-8FE9-3613FF3DD6AF}.Debug|Any CPU.ActiveCfg = Debug|Any CPU
		{E3310C9A-6AE5-49D3-8FE9-3613FF3DD6AF}.Debug|Any CPU.Build.0 = Debug|Any CPU
		{E3310C9A-6AE5-49D3-8FE9-3613FF3DD6AF}.Release|Any CPU.ActiveCfg = Release|Any CPU
		{E3310C9A-6AE5-49D3-8FE9-3613FF3DD6AF}.Release|Any CPU.Build.0 = Release|Any CPU
	EndGlobalSection
	GlobalSection(SolutionProperties) = preSolution
		HideSolutionNode = FALSE
	EndGlobalSection
	GlobalSection(ExtensibilityGlobals) = postSolution
		SolutionGuid = {1303B606-4340-4530-B85F-8626761D06E0}
	EndGlobalSection
EndGlobal
