
Microsoft Visual Studio Solution File, Format Version 12.00
Project("{FAE04EC0-301F-11D3-BF4B-00C04F79EFBC}") = "lis.29", "lis.29.csproj", "{A9286144-5565-426E-8EB6-ADA5F39CE87F}"
EndProject
Global
	GlobalSection(SolutionConfigurationPlatforms) = preSolution
		Debug|Any CPU = Debug|Any CPU
		Release|Any CPU = Release|Any CPU
	EndGlobalSection
	GlobalSection(ProjectConfigurationPlatforms) = postSolution
		{A9286144-5565-426E-8EB6-ADA5F39CE87F}.Debug|Any CPU.ActiveCfg = Debug|Any CPU
		{A9286144-5565-426E-8EB6-ADA5F39CE87F}.Debug|Any CPU.Build.0 = Debug|Any CPU
		{A9286144-5565-426E-8EB6-ADA5F39CE87F}.Release|Any CPU.ActiveCfg = Release|Any CPU
		{A9286144-5565-426E-8EB6-ADA5F39CE87F}.Release|Any CPU.Build.0 = Release|Any CPU
	EndGlobalSection
EndGlobal
